
Microsoft Visual Studio Solution File, Format Version 12.00
# Visual Studio Version 17
VisualStudioVersion = 17.10.35013.160
MinimumVisualStudioVersion = 10.0.40219.1
Project("{FAE04EC0-301F-11D3-BF4B-00C04F79EFBC}") = "SimpleCalculator", "SimpleCalculator\SimpleCalculator.csproj", "{BB8108BA-9C2C-4837-B815-B0DADD221477}"
EndProject
Global
	GlobalSection(SolutionConfigurationPlatforms) = preSolution
		Debug|Any CPU = Debug|Any CPU
		Release|Any CPU = Release|Any CPU
	EndGlobalSection
	GlobalSection(ProjectConfigurationPlatforms) = postSolution
		{BB8108BA-9C2C-4837-B815-B0DADD221477}.Debug|Any CPU.ActiveCfg = Debug|Any CPU
		{BB8108BA-9C2C-4837-B815-B0DADD221477}.Debug|Any CPU.Build.0 = Debug|Any CPU
		{BB8108BA-9C2C-4837-B815-B0DADD221477}.Release|Any CPU.ActiveCfg = Release|Any CPU
		{BB8108BA-9C2C-4837-B815-B0DADD221477}.Release|Any CPU.Build.0 = Release|Any CPU
	EndGlobalSection
	GlobalSection(SolutionProperties) = preSolution
		HideSolutionNode = FALSE
	EndGlobalSection
	GlobalSection(ExtensibilityGlobals) = postSolution
		SolutionGuid = {8D7D50B1-C747-4E28-9B4C-DED1B3892694}
	EndGlobalSection
EndGlobal
